
Microsoft Visual Studio Solution File, Format Version 12.00
# Visual Studio Version 17
VisualStudioVersion = 17.4.33122.133
MinimumVisualStudioVersion = 10.0.40219.1
Project("{FAE04EC0-301F-11D3-BF4B-00C04F79EFBC}") = "InventoryManagementSystem", "InventoryManagementSystem\InventoryManagementSystem.csproj", "{A1FC905B-8839-46B5-A9E7-34CACFBEC856}"
EndProject
Global
	GlobalSection(SolutionConfigurationPlatforms) = preSolution
		Debug|Any CPU = Debug|Any CPU
		Release|Any CPU = Release|Any CPU
	EndGlobalSection
	GlobalSection(ProjectConfigurationPlatforms) = postSolution
		{A1FC905B-8839-46B5-A9E7-34CACFBEC856}.Debug|Any CPU.ActiveCfg = Debug|Any CPU
		{A1FC905B-8839-46B5-A9E7-34CACFBEC856}.Debug|Any CPU.Build.0 = Debug|Any CPU
		{A1FC905B-8839-46B5-A9E7-34CACFBEC856}.Release|Any CPU.ActiveCfg = Release|Any CPU
		{A1FC905B-8839-46B5-A9E7-34CACFBEC856}.Release|Any CPU.Build.0 = Release|Any CPU
	EndGlobalSection
	GlobalSection(SolutionProperties) = preSolution
		HideSolutionNode = FALSE
	EndGlobalSection
	GlobalSection(ExtensibilityGlobals) = postSolution
		SolutionGuid = {AEDCE829-745C-490F-A146-06AB8B46D306}
	EndGlobalSection
EndGlobal
